// !$*UTF8*$!
{
	archiveVersion = 1;
	classes = {
	};
	objectVersion = 46;
	objects = {

/* Begin PBXBuildFile section */
		180C96F81E47CA73002ED6A0 /* thread_procedure.cpp in Sources */ = {isa = PBXBuildFile; fileRef = 180C96F61E47CA73002ED6A0 /* thread_procedure.cpp */; };
		180C96F91E47CA73002ED6A0 /* thread_procedure.h in Headers */ = {isa = PBXBuildFile; fileRef = 180C96F71E47CA73002ED6A0 /* thread_procedure.h */; };
		180C96FC1E47D8AC002ED6A0 /* thread_request.cpp in Sources */ = {isa = PBXBuildFile; fileRef = 180C96FA1E47D8AC002ED6A0 /* thread_request.cpp */; };
		180C96FD1E47D8AC002ED6A0 /* thread_request.h in Headers */ = {isa = PBXBuildFile; fileRef = 180C96FB1E47D8AC002ED6A0 /* thread_request.h */; };
		180C96FF1E484723002ED6A0 /* queue.h in Headers */ = {isa = PBXBuildFile; fileRef = 180C96FE1E484723002ED6A0 /* queue.h */; };
		180C97031E493329002ED6A0 /* thread_manager.cpp in Sources */ = {isa = PBXBuildFile; fileRef = 180C97011E493329002ED6A0 /* thread_manager.cpp */; };
		180C97041E493329002ED6A0 /* thread_manager.h in Headers */ = {isa = PBXBuildFile; fileRef = 180C97021E493329002ED6A0 /* thread_manager.h */; };
		180C97091E4AD063002ED6A0 /* thread_background_loading.cpp in Sources */ = {isa = PBXBuildFile; fileRef = 180C97071E4AD063002ED6A0 /* thread_background_loading.cpp */; };
		180C970A1E4AD063002ED6A0 /* thread_background_loading.h in Headers */ = {isa = PBXBuildFile; fileRef = 180C97081E4AD063002ED6A0 /* thread_background_loading.h */; };
		180C970F1E4BA501002ED6A0 /* reference_object.h in Headers */ = {isa = PBXBuildFile; fileRef = 180C970B1E4BA501002ED6A0 /* reference_object.h */; };
		180C97101E4BA501002ED6A0 /* node_object.h in Headers */ = {isa = PBXBuildFile; fileRef = 180C970C1E4BA501002ED6A0 /* node_object.h */; };
		180C97111E4BA501002ED6A0 /* smart_object.h in Headers */ = {isa = PBXBuildFile; fileRef = 180C970D1E4BA501002ED6A0 /* smart_object.h */; };
		180C97121E4BA501002ED6A0 /* update_object.h in Headers */ = {isa = PBXBuildFile; fileRef = 180C970E1E4BA501002ED6A0 /* update_object.h */; };
		180C97161E4BA55D002ED6A0 /* timer.cpp in Sources */ = {isa = PBXBuildFile; fileRef = 180C97141E4BA55D002ED6A0 /* timer.cpp */; };
		180C97171E4BA55D002ED6A0 /* timer.h in Headers */ = {isa = PBXBuildFile; fileRef = 180C97151E4BA55D002ED6A0 /* timer.h */; };
		18222E301E78976A00E8FFF3 /* node_object.cpp in Sources */ = {isa = PBXBuildFile; fileRef = 18222E2F1E78976A00E8FFF3 /* node_object.cpp */; };
		186078D21E3199CF00161801 /* foundation.cpp in Sources */ = {isa = PBXBuildFile; fileRef = 186078C31E3199CF00161801 /* foundation.cpp */; };
		186078D31E3199CF00161801 /* allocator.h in Headers */ = {isa = PBXBuildFile; fileRef = 186078C51E3199CF00161801 /* allocator.h */; };
		186078D41E3199CF00161801 /* memory_tracker.cpp in Sources */ = {isa = PBXBuildFile; fileRef = 186078C61E3199CF00161801 /* memory_tracker.cpp */; };
		186078D51E3199CF00161801 /* memory_tracker.h in Headers */ = {isa = PBXBuildFile; fileRef = 186078C71E3199CF00161801 /* memory_tracker.h */; };
		186078D81E3199CF00161801 /* map.h in Headers */ = {isa = PBXBuildFile; fileRef = 186078CB1E3199CF00161801 /* map.h */; };
		186078D91E3199CF00161801 /* multimap.h in Headers */ = {isa = PBXBuildFile; fileRef = 186078CC1E3199CF00161801 /* multimap.h */; };
		186078DA1E3199CF00161801 /* unordered_map.h in Headers */ = {isa = PBXBuildFile; fileRef = 186078CD1E3199CF00161801 /* unordered_map.h */; };
		186078DB1E3199CF00161801 /* unordered_multimap.h in Headers */ = {isa = PBXBuildFile; fileRef = 186078CE1E3199CF00161801 /* unordered_multimap.h */; };
		186078DC1E3199CF00161801 /* vector.h in Headers */ = {isa = PBXBuildFile; fileRef = 186078CF1E3199CF00161801 /* vector.h */; };
		187863AF1E4BCDE300DE334A /* texture_manager.cpp in Sources */ = {isa = PBXBuildFile; fileRef = 187863AD1E4BCDE300DE334A /* texture_manager.cpp */; };
		187863B01E4BCDE300DE334A /* texture_manager.h in Headers */ = {isa = PBXBuildFile; fileRef = 187863AE1E4BCDE300DE334A /* texture_manager.h */; };
		187863B41E4C24BB00DE334A /* consts.h in Headers */ = {isa = PBXBuildFile; fileRef = 187863B11E4C24BB00DE334A /* consts.h */; };
		187863B51E4C24BB00DE334A /* defines.h in Headers */ = {isa = PBXBuildFile; fileRef = 187863B21E4C24BB00DE334A /* defines.h */; };
		187863B61E4C24BB00DE334A /* singleton.h in Headers */ = {isa = PBXBuildFile; fileRef = 187863B31E4C24BB00DE334A /* singleton.h */; };
		1895553F1E31C7D000563E6C /* foundation.h in Headers */ = {isa = PBXBuildFile; fileRef = 186078DD1E31B1D900161801 /* foundation.h */; };
		189555551E31D12000563E6C /* list.h in Headers */ = {isa = PBXBuildFile; fileRef = 189555541E31D12000563E6C /* list.h */; };
		18A4029E1E42CFF500BB70CB /* texture_loader.cpp in Sources */ = {isa = PBXBuildFile; fileRef = 18A4029C1E42CFF500BB70CB /* texture_loader.cpp */; };
		18A4029F1E42CFF500BB70CB /* texture_loader.h in Headers */ = {isa = PBXBuildFile; fileRef = 18A4029D1E42CFF500BB70CB /* texture_loader.h */; };
/* End PBXBuildFile section */

/* Begin PBXFileReference section */
		180C96F61E47CA73002ED6A0 /* thread_procedure.cpp */ = {isa = PBXFileReference; fileEncoding = 4; lastKnownFileType = sourcecode.cpp.cpp; name = thread_procedure.cpp; path = multithread/thread_procedure.cpp; sourceTree = "<group>"; };
		180C96F71E47CA73002ED6A0 /* thread_procedure.h */ = {isa = PBXFileReference; fileEncoding = 4; lastKnownFileType = sourcecode.c.h; name = thread_procedure.h; path = multithread/thread_procedure.h; sourceTree = "<group>"; };
		180C96FA1E47D8AC002ED6A0 /* thread_request.cpp */ = {isa = PBXFileReference; fileEncoding = 4; lastKnownFileType = sourcecode.cpp.cpp; name = thread_request.cpp; path = multithread/thread_request.cpp; sourceTree = "<group>"; };
		180C96FB1E47D8AC002ED6A0 /* thread_request.h */ = {isa = PBXFileReference; fileEncoding = 4; lastKnownFileType = sourcecode.c.h; name = thread_request.h; path = multithread/thread_request.h; sourceTree = "<group>"; };
		180C96FE1E484723002ED6A0 /* queue.h */ = {isa = PBXFileReference; fileEncoding = 4; lastKnownFileType = sourcecode.c.h; path = queue.h; sourceTree = "<group>"; };
		180C97001E491D00002ED6A0 /* thread_common.h */ = {isa = PBXFileReference; lastKnownFileType = sourcecode.c.h; name = thread_common.h; path = multithread/thread_common.h; sourceTree = "<group>"; };
		180C97011E493329002ED6A0 /* thread_manager.cpp */ = {isa = PBXFileReference; fileEncoding = 4; lastKnownFileType = sourcecode.cpp.cpp; name = thread_manager.cpp; path = multithread/thread_manager.cpp; sourceTree = "<group>"; };
		180C97021E493329002ED6A0 /* thread_manager.h */ = {isa = PBXFileReference; fileEncoding = 4; lastKnownFileType = sourcecode.c.h; name = thread_manager.h; path = multithread/thread_manager.h; sourceTree = "<group>"; };
		180C97071E4AD063002ED6A0 /* thread_background_loading.cpp */ = {isa = PBXFileReference; fileEncoding = 4; lastKnownFileType = sourcecode.cpp.cpp; name = thread_background_loading.cpp; path = multithread/thread_background_loading.cpp; sourceTree = "<group>"; };
		180C97081E4AD063002ED6A0 /* thread_background_loading.h */ = {isa = PBXFileReference; fileEncoding = 4; lastKnownFileType = sourcecode.c.h; name = thread_background_loading.h; path = multithread/thread_background_loading.h; sourceTree = "<group>"; };
		180C970B1E4BA501002ED6A0 /* reference_object.h */ = {isa = PBXFileReference; fileEncoding = 4; lastKnownFileType = sourcecode.c.h; name = reference_object.h; path = object/reference_object.h; sourceTree = "<group>"; };
		180C970C1E4BA501002ED6A0 /* node_object.h */ = {isa = PBXFileReference; fileEncoding = 4; lastKnownFileType = sourcecode.c.h; name = node_object.h; path = object/node_object.h; sourceTree = "<group>"; };
		180C970D1E4BA501002ED6A0 /* smart_object.h */ = {isa = PBXFileReference; fileEncoding = 4; lastKnownFileType = sourcecode.c.h; name = smart_object.h; path = object/smart_object.h; sourceTree = "<group>"; };
		180C970E1E4BA501002ED6A0 /* update_object.h */ = {isa = PBXFileReference; fileEncoding = 4; lastKnownFileType = sourcecode.c.h; name = update_object.h; path = object/update_object.h; sourceTree = "<group>"; };
		180C97141E4BA55D002ED6A0 /* timer.cpp */ = {isa = PBXFileReference; fileEncoding = 4; lastKnownFileType = sourcecode.cpp.cpp; name = timer.cpp; path = basic/timer.cpp; sourceTree = "<group>"; };
		180C97151E4BA55D002ED6A0 /* timer.h */ = {isa = PBXFileReference; fileEncoding = 4; lastKnownFileType = sourcecode.c.h; name = timer.h; path = basic/timer.h; sourceTree = "<group>"; };
		18222E2F1E78976A00E8FFF3 /* node_object.cpp */ = {isa = PBXFileReference; fileEncoding = 4; lastKnownFileType = sourcecode.cpp.cpp; name = node_object.cpp; path = object/node_object.cpp; sourceTree = "<group>"; };
		186078C31E3199CF00161801 /* foundation.cpp */ = {isa = PBXFileReference; fileEncoding = 4; lastKnownFileType = sourcecode.cpp.cpp; path = foundation.cpp; sourceTree = "<group>"; };
		186078C51E3199CF00161801 /* allocator.h */ = {isa = PBXFileReference; explicitFileType = sourcecode.cpp.h; fileEncoding = 4; path = allocator.h; sourceTree = "<group>"; };
		186078C61E3199CF00161801 /* memory_tracker.cpp */ = {isa = PBXFileReference; fileEncoding = 4; lastKnownFileType = sourcecode.cpp.cpp; path = memory_tracker.cpp; sourceTree = "<group>"; };
		186078C71E3199CF00161801 /* memory_tracker.h */ = {isa = PBXFileReference; explicitFileType = sourcecode.cpp.h; fileEncoding = 4; path = memory_tracker.h; sourceTree = "<group>"; };
		186078CB1E3199CF00161801 /* map.h */ = {isa = PBXFileReference; fileEncoding = 4; lastKnownFileType = sourcecode.c.h; path = map.h; sourceTree = "<group>"; };
		186078CC1E3199CF00161801 /* multimap.h */ = {isa = PBXFileReference; fileEncoding = 4; lastKnownFileType = sourcecode.c.h; path = multimap.h; sourceTree = "<group>"; };
		186078CD1E3199CF00161801 /* unordered_map.h */ = {isa = PBXFileReference; fileEncoding = 4; lastKnownFileType = sourcecode.c.h; path = unordered_map.h; sourceTree = "<group>"; };
		186078CE1E3199CF00161801 /* unordered_multimap.h */ = {isa = PBXFileReference; fileEncoding = 4; lastKnownFileType = sourcecode.c.h; path = unordered_multimap.h; sourceTree = "<group>"; };
		186078CF1E3199CF00161801 /* vector.h */ = {isa = PBXFileReference; fileEncoding = 4; lastKnownFileType = sourcecode.c.h; path = vector.h; sourceTree = "<group>"; };
		186078DD1E31B1D900161801 /* foundation.h */ = {isa = PBXFileReference; lastKnownFileType = sourcecode.c.h; path = foundation.h; sourceTree = "<group>"; };
		187863AD1E4BCDE300DE334A /* texture_manager.cpp */ = {isa = PBXFileReference; fileEncoding = 4; lastKnownFileType = sourcecode.cpp.cpp; name = texture_manager.cpp; path = texture/texture_manager.cpp; sourceTree = "<group>"; };
		187863AE1E4BCDE300DE334A /* texture_manager.h */ = {isa = PBXFileReference; fileEncoding = 4; lastKnownFileType = sourcecode.c.h; name = texture_manager.h; path = texture/texture_manager.h; sourceTree = "<group>"; };
		187863B11E4C24BB00DE334A /* consts.h */ = {isa = PBXFileReference; fileEncoding = 4; lastKnownFileType = sourcecode.c.h; name = consts.h; path = basic/consts.h; sourceTree = "<group>"; };
		187863B21E4C24BB00DE334A /* defines.h */ = {isa = PBXFileReference; fileEncoding = 4; lastKnownFileType = sourcecode.c.h; name = defines.h; path = basic/defines.h; sourceTree = "<group>"; };
		187863B31E4C24BB00DE334A /* singleton.h */ = {isa = PBXFileReference; fileEncoding = 4; lastKnownFileType = sourcecode.c.h; name = singleton.h; path = basic/singleton.h; sourceTree = "<group>"; };
		188934D61E2A8A9700755A32 /* libfoundation.a */ = {isa = PBXFileReference; explicitFileType = archive.ar; includeInIndex = 0; path = libfoundation.a; sourceTree = BUILT_PRODUCTS_DIR; };
		189555541E31D12000563E6C /* list.h */ = {isa = PBXFileReference; fileEncoding = 4; lastKnownFileType = sourcecode.c.h; path = list.h; sourceTree = "<group>"; };
		18A4029C1E42CFF500BB70CB /* texture_loader.cpp */ = {isa = PBXFileReference; fileEncoding = 4; lastKnownFileType = sourcecode.cpp.cpp; name = texture_loader.cpp; path = texture/texture_loader.cpp; sourceTree = "<group>"; };
		18A4029D1E42CFF500BB70CB /* texture_loader.h */ = {isa = PBXFileReference; fileEncoding = 4; lastKnownFileType = sourcecode.c.h; name = texture_loader.h; path = texture/texture_loader.h; sourceTree = "<group>"; };
		18A402A01E42D6B700BB70CB /* texture_common.h */ = {isa = PBXFileReference; lastKnownFileType = sourcecode.c.h; name = texture_common.h; path = texture/texture_common.h; sourceTree = "<group>"; };
		18D081211E71C97D0016957F /* input_protocol.h */ = {isa = PBXFileReference; lastKnownFileType = sourcecode.c.h; name = input_protocol.h; path = object/input_protocol.h; sourceTree = "<group>"; };
/* End PBXFileReference section */

/* Begin PBXFrameworksBuildPhase section */
		188934D31E2A8A9600755A32 /* Frameworks */ = {
			isa = PBXFrameworksBuildPhase;
			buildActionMask = 2147483647;
			files = (
			);
			runOnlyForDeploymentPostprocessing = 0;
		};
/* End PBXFrameworksBuildPhase section */

/* Begin PBXGroup section */
		180C96F01E46863F002ED6A0 /* object */ = {
			isa = PBXGroup;
			children = (
				180C970B1E4BA501002ED6A0 /* reference_object.h */,
				180C970C1E4BA501002ED6A0 /* node_object.h */,
				180C970D1E4BA501002ED6A0 /* smart_object.h */,
				180C970E1E4BA501002ED6A0 /* update_object.h */,
				18222E2F1E78976A00E8FFF3 /* node_object.cpp */,
				18D081211E71C97D0016957F /* input_protocol.h */,
			);
			name = object;
			sourceTree = "<group>";
		};
		180C96F51E47CA40002ED6A0 /* multithread */ = {
			isa = PBXGroup;
			children = (
				187863B71E4C24E100DE334A /* thread_procedure */,
				180C96FA1E47D8AC002ED6A0 /* thread_request.cpp */,
				180C96FB1E47D8AC002ED6A0 /* thread_request.h */,
				180C97001E491D00002ED6A0 /* thread_common.h */,
				180C97011E493329002ED6A0 /* thread_manager.cpp */,
				180C97021E493329002ED6A0 /* thread_manager.h */,
			);
			name = multithread;
			sourceTree = "<group>";
		};
		180C97131E4BA536002ED6A0 /* basic */ = {
			isa = PBXGroup;
			children = (
				187863B11E4C24BB00DE334A /* consts.h */,
				187863B21E4C24BB00DE334A /* defines.h */,
				187863B31E4C24BB00DE334A /* singleton.h */,
				180C97141E4BA55D002ED6A0 /* timer.cpp */,
				180C97151E4BA55D002ED6A0 /* timer.h */,
			);
			name = basic;
			sourceTree = "<group>";
		};
		186078C01E3199CF00161801 /* foundation */ = {
			isa = PBXGroup;
			children = (
				180C97131E4BA536002ED6A0 /* basic */,
				180C96F51E47CA40002ED6A0 /* multithread */,
				180C96F01E46863F002ED6A0 /* object */,
				18A402931E42CE3100BB70CB /* texture */,
				186078C91E3199CF00161801 /* standard_libraries */,
				186078C41E3199CF00161801 /* memory */,
				186078C31E3199CF00161801 /* foundation.cpp */,
				186078DD1E31B1D900161801 /* foundation.h */,
			);
			name = foundation;
			path = ../../foundation;
			sourceTree = "<group>";
		};
		186078C41E3199CF00161801 /* memory */ = {
			isa = PBXGroup;
			children = (
				186078C51E3199CF00161801 /* allocator.h */,
				186078C61E3199CF00161801 /* memory_tracker.cpp */,
				186078C71E3199CF00161801 /* memory_tracker.h */,
			);
			path = memory;
			sourceTree = "<group>";
		};
		186078C91E3199CF00161801 /* standard_libraries */ = {
			isa = PBXGroup;
			children = (
				180C96FE1E484723002ED6A0 /* queue.h */,
				189555541E31D12000563E6C /* list.h */,
				186078CB1E3199CF00161801 /* map.h */,
				186078CC1E3199CF00161801 /* multimap.h */,
				186078CD1E3199CF00161801 /* unordered_map.h */,
				186078CE1E3199CF00161801 /* unordered_multimap.h */,
				186078CF1E3199CF00161801 /* vector.h */,
			);
			path = standard_libraries;
			sourceTree = "<group>";
		};
		187863B71E4C24E100DE334A /* thread_procedure */ = {
			isa = PBXGroup;
			children = (
				180C96F61E47CA73002ED6A0 /* thread_procedure.cpp */,
				180C96F71E47CA73002ED6A0 /* thread_procedure.h */,
				180C97071E4AD063002ED6A0 /* thread_background_loading.cpp */,
				180C97081E4AD063002ED6A0 /* thread_background_loading.h */,
			);
			name = thread_procedure;
			sourceTree = "<group>";
		};
		188934CD1E2A8A9600755A32 = {
			isa = PBXGroup;
			children = (
				186078C01E3199CF00161801 /* foundation */,
				188934D71E2A8A9700755A32 /* Products */,
			);
			sourceTree = "<group>";
		};
		188934D71E2A8A9700755A32 /* Products */ = {
			isa = PBXGroup;
			children = (
				188934D61E2A8A9700755A32 /* libfoundation.a */,
			);
			name = Products;
			sourceTree = "<group>";
		};
		18A402931E42CE3100BB70CB /* texture */ = {
			isa = PBXGroup;
			children = (
				18A4029C1E42CFF500BB70CB /* texture_loader.cpp */,
				18A4029D1E42CFF500BB70CB /* texture_loader.h */,
				18A402A01E42D6B700BB70CB /* texture_common.h */,
				187863AD1E4BCDE300DE334A /* texture_manager.cpp */,
				187863AE1E4BCDE300DE334A /* texture_manager.h */,
			);
			name = texture;
			sourceTree = "<group>";
		};
/* End PBXGroup section */

/* Begin PBXHeadersBuildPhase section */
		188934D41E2A8A9600755A32 /* Headers */ = {
			isa = PBXHeadersBuildPhase;
			buildActionMask = 2147483647;
			files = (
				180C96FD1E47D8AC002ED6A0 /* thread_request.h in Headers */,
				1895553F1E31C7D000563E6C /* foundation.h in Headers */,
				180C97171E4BA55D002ED6A0 /* timer.h in Headers */,
				180C97041E493329002ED6A0 /* thread_manager.h in Headers */,
				186078DA1E3199CF00161801 /* unordered_map.h in Headers */,
				186078D91E3199CF00161801 /* multimap.h in Headers */,
				189555551E31D12000563E6C /* list.h in Headers */,
				186078DC1E3199CF00161801 /* vector.h in Headers */,
				180C970A1E4AD063002ED6A0 /* thread_background_loading.h in Headers */,
				186078D31E3199CF00161801 /* allocator.h in Headers */,
				180C97111E4BA501002ED6A0 /* smart_object.h in Headers */,
				180C96F91E47CA73002ED6A0 /* thread_procedure.h in Headers */,
				187863B61E4C24BB00DE334A /* singleton.h in Headers */,
				180C970F1E4BA501002ED6A0 /* reference_object.h in Headers */,
				186078D81E3199CF00161801 /* map.h in Headers */,
				180C97121E4BA501002ED6A0 /* update_object.h in Headers */,
				186078D51E3199CF00161801 /* memory_tracker.h in Headers */,
				180C96FF1E484723002ED6A0 /* queue.h in Headers */,
				187863B01E4BCDE300DE334A /* texture_manager.h in Headers */,
				186078DB1E3199CF00161801 /* unordered_multimap.h in Headers */,
				187863B51E4C24BB00DE334A /* defines.h in Headers */,
				18A4029F1E42CFF500BB70CB /* texture_loader.h in Headers */,
				187863B41E4C24BB00DE334A /* consts.h in Headers */,
				180C97101E4BA501002ED6A0 /* node_object.h in Headers */,
			);
			runOnlyForDeploymentPostprocessing = 0;
		};
/* End PBXHeadersBuildPhase section */

/* Begin PBXNativeTarget section */
		188934D51E2A8A9600755A32 /* foundation */ = {
			isa = PBXNativeTarget;
			buildConfigurationList = 188934E11E2A8A9700755A32 /* Build configuration list for PBXNativeTarget "foundation" */;
			buildPhases = (
				188934D21E2A8A9600755A32 /* Sources */,
				188934D31E2A8A9600755A32 /* Frameworks */,
				188934D41E2A8A9600755A32 /* Headers */,
			);
			buildRules = (
			);
			dependencies = (
			);
			name = foundation;
			productName = fundation;
			productReference = 188934D61E2A8A9700755A32 /* libfoundation.a */;
			productType = "com.apple.product-type.library.static";
		};
/* End PBXNativeTarget section */

/* Begin PBXProject section */
		188934CE1E2A8A9600755A32 /* Project object */ = {
			isa = PBXProject;
			attributes = {
				LastUpgradeCheck = 0820;
				ORGANIZATIONNAME = jiayi;
				TargetAttributes = {
					188934D51E2A8A9600755A32 = {
						CreatedOnToolsVersion = 8.2.1;
						DevelopmentTeam = 95BDJ9G9B4;
						ProvisioningStyle = Automatic;
					};
				};
			};
			buildConfigurationList = 188934D11E2A8A9600755A32 /* Build configuration list for PBXProject "foundation" */;
			compatibilityVersion = "Xcode 3.2";
			developmentRegion = English;
			hasScannedForEncodings = 0;
			knownRegions = (
				en,
			);
			mainGroup = 188934CD1E2A8A9600755A32;
			productRefGroup = 188934D71E2A8A9700755A32 /* Products */;
			projectDirPath = "";
			projectRoot = "";
			targets = (
				188934D51E2A8A9600755A32 /* foundation */,
			);
		};
/* End PBXProject section */

/* Begin PBXSourcesBuildPhase section */
		188934D21E2A8A9600755A32 /* Sources */ = {
			isa = PBXSourcesBuildPhase;
			buildActionMask = 2147483647;
			files = (
				180C96FC1E47D8AC002ED6A0 /* thread_request.cpp in Sources */,
				186078D21E3199CF00161801 /* foundation.cpp in Sources */,
				180C97091E4AD063002ED6A0 /* thread_background_loading.cpp in Sources */,
				180C97161E4BA55D002ED6A0 /* timer.cpp in Sources */,
				18222E301E78976A00E8FFF3 /* node_object.cpp in Sources */,
				187863AF1E4BCDE300DE334A /* texture_manager.cpp in Sources */,
				180C96F81E47CA73002ED6A0 /* thread_procedure.cpp in Sources */,
				18A4029E1E42CFF500BB70CB /* texture_loader.cpp in Sources */,
				186078D41E3199CF00161801 /* memory_tracker.cpp in Sources */,
				180C97031E493329002ED6A0 /* thread_manager.cpp in Sources */,
			);
			runOnlyForDeploymentPostprocessing = 0;
		};
/* End PBXSourcesBuildPhase section */

/* Begin XCBuildConfiguration section */
		188934DF1E2A8A9700755A32 /* Debug */ = {
			isa = XCBuildConfiguration;
			buildSettings = {
				ALWAYS_SEARCH_USER_PATHS = NO;
				CLANG_ANALYZER_NONNULL = YES;
				CLANG_CXX_LANGUAGE_STANDARD = "gnu++0x";
				CLANG_CXX_LIBRARY = "libc++";
				CLANG_ENABLE_MODULES = YES;
				CLANG_ENABLE_OBJC_ARC = YES;
				CLANG_WARN_BOOL_CONVERSION = YES;
				CLANG_WARN_CONSTANT_CONVERSION = YES;
				CLANG_WARN_DIRECT_OBJC_ISA_USAGE = YES_ERROR;
				CLANG_WARN_DOCUMENTATION_COMMENTS = YES;
				CLANG_WARN_EMPTY_BODY = YES;
				CLANG_WARN_ENUM_CONVERSION = YES;
				CLANG_WARN_INFINITE_RECURSION = YES;
				CLANG_WARN_INT_CONVERSION = YES;
				CLANG_WARN_OBJC_ROOT_CLASS = YES_ERROR;
				CLANG_WARN_SUSPICIOUS_MOVE = YES;
				CLANG_WARN_UNREACHABLE_CODE = YES;
				CLANG_WARN__DUPLICATE_METHOD_MATCH = YES;
				CODE_SIGN_IDENTITY = "-";
				CONFIGURATION_BUILD_DIR = "$(SRCROOT)/../../lib/mac/$(CONFIGURATION)$(EFFECTIVE_PLATFORM_NAME)";
				COPY_PHASE_STRIP = NO;
				DEBUG_INFORMATION_FORMAT = dwarf;
				ENABLE_STRICT_OBJC_MSGSEND = YES;
				ENABLE_TESTABILITY = YES;
				GCC_C_LANGUAGE_STANDARD = gnu99;
				GCC_DYNAMIC_NO_PIC = NO;
				GCC_NO_COMMON_BLOCKS = YES;
				GCC_OPTIMIZATION_LEVEL = 0;
				GCC_PREPROCESSOR_DEFINITIONS = (
					"DEBUG=1",
					"$(inherited)",
				);
				GCC_WARN_64_TO_32_BIT_CONVERSION = YES;
				GCC_WARN_ABOUT_RETURN_TYPE = YES_ERROR;
				GCC_WARN_UNDECLARED_SELECTOR = YES;
				GCC_WARN_UNINITIALIZED_AUTOS = YES_AGGRESSIVE;
				GCC_WARN_UNUSED_FUNCTION = YES;
				GCC_WARN_UNUSED_VARIABLE = YES;
				MACOSX_DEPLOYMENT_TARGET = 10.12;
				MTL_ENABLE_DEBUG_INFO = YES;
				ONLY_ACTIVE_ARCH = YES;
				SDKROOT = macosx;
			};
			name = Debug;
		};
		188934E01E2A8A9700755A32 /* Release */ = {
			isa = XCBuildConfiguration;
			buildSettings = {
				ALWAYS_SEARCH_USER_PATHS = NO;
				CLANG_ANALYZER_NONNULL = YES;
				CLANG_CXX_LANGUAGE_STANDARD = "gnu++0x";
				CLANG_CXX_LIBRARY = "libc++";
				CLANG_ENABLE_MODULES = YES;
				CLANG_ENABLE_OBJC_ARC = YES;
				CLANG_WARN_BOOL_CONVERSION = YES;
				CLANG_WARN_CONSTANT_CONVERSION = YES;
				CLANG_WARN_DIRECT_OBJC_ISA_USAGE = YES_ERROR;
				CLANG_WARN_DOCUMENTATION_COMMENTS = YES;
				CLANG_WARN_EMPTY_BODY = YES;
				CLANG_WARN_ENUM_CONVERSION = YES;
				CLANG_WARN_INFINITE_RECURSION = YES;
				CLANG_WARN_INT_CONVERSION = YES;
				CLANG_WARN_OBJC_ROOT_CLASS = YES_ERROR;
				CLANG_WARN_SUSPICIOUS_MOVE = YES;
				CLANG_WARN_UNREACHABLE_CODE = YES;
				CLANG_WARN__DUPLICATE_METHOD_MATCH = YES;
				CODE_SIGN_IDENTITY = "-";
				CONFIGURATION_BUILD_DIR = "$(SRCROOT)/../../lib/mac/$(CONFIGURATION)$(EFFECTIVE_PLATFORM_NAME)";
				COPY_PHASE_STRIP = NO;
				DEBUG_INFORMATION_FORMAT = "dwarf-with-dsym";
				ENABLE_NS_ASSERTIONS = NO;
				ENABLE_STRICT_OBJC_MSGSEND = YES;
				GCC_C_LANGUAGE_STANDARD = gnu99;
				GCC_NO_COMMON_BLOCKS = YES;
				GCC_WARN_64_TO_32_BIT_CONVERSION = YES;
				GCC_WARN_ABOUT_RETURN_TYPE = YES_ERROR;
				GCC_WARN_UNDECLARED_SELECTOR = YES;
				GCC_WARN_UNINITIALIZED_AUTOS = YES_AGGRESSIVE;
				GCC_WARN_UNUSED_FUNCTION = YES;
				GCC_WARN_UNUSED_VARIABLE = YES;
				MACOSX_DEPLOYMENT_TARGET = 10.12;
				MTL_ENABLE_DEBUG_INFO = NO;
				SDKROOT = macosx;
			};
			name = Release;
		};
		188934E21E2A8A9700755A32 /* Debug */ = {
			isa = XCBuildConfiguration;
			buildSettings = {
				ALWAYS_SEARCH_USER_PATHS = NO;
				CLANG_OPTIMIZATION_PROFILE_FILE = "";
				CONFIGURATION_BUILD_DIR = "$(SRCROOT)/../../lib/mac/$(CONFIGURATION)$(EFFECTIVE_PLATFORM_NAME)";
				DEVELOPMENT_TEAM = 95BDJ9G9B4;
				EXECUTABLE_PREFIX = lib;
				GCC_ENABLE_CPP_EXCEPTIONS = YES;
				GCC_ENABLE_CPP_RTTI = NO;
				HEADER_SEARCH_PATHS = (
					"$(SRCROOT)/../../foundation",
					"$(SRCROOT)/../../../thirdparty/glew-1.13.0/include",
					"$(SRCROOT)/../../../thirdparty/glm-0.9.7.1/",
					"$(SRCROOT)/../../../thirdparty/glfw-3.1.2/include",
				);
				LIBRARY_SEARCH_PATHS = (
					"../thirdparty/glfw-3.1.2/lib/mac/$(CONFIGURATION)",
					"../thirdparty/glew-1.13.0/lib/mac/$(CONFIGURATION)",
				);
				PRODUCT_NAME = "$(TARGET_NAME)";
				USER_HEADER_SEARCH_PATHS = "";
			};
			name = Debug;
		};
		188934E31E2A8A9700755A32 /* Release */ = {
			isa = XCBuildConfiguration;
			buildSettings = {
				ALWAYS_SEARCH_USER_PATHS = NO;
				CLANG_OPTIMIZATION_PROFILE_FILE = "";
				CONFIGURATION_BUILD_DIR = "$(SRCROOT)/../../lib/mac/$(CONFIGURATION)$(EFFECTIVE_PLATFORM_NAME)";
				DEVELOPMENT_TEAM = 95BDJ9G9B4;
				EXECUTABLE_PREFIX = lib;
				GCC_ENABLE_CPP_EXCEPTIONS = YES;
				GCC_ENABLE_CPP_RTTI = NO;
				HEADER_SEARCH_PATHS = (
					"$(SRCROOT)/../../foundation",
					"$(SRCROOT)/../../../thirdparty/glew-1.13.0/include",
					"$(SRCROOT)/../../../thirdparty/glm-0.9.7.1/",
					"$(SRCROOT)/../../../thirdparty/glfw-3.1.2/include",
				);
				LIBRARY_SEARCH_PATHS = (
					"../thirdparty/glfw-3.1.2/lib/mac/$(CONFIGURATION)",
					"../thirdparty/glew-1.13.0/lib/mac/$(CONFIGURATION)",
				);
				PRODUCT_NAME = "$(TARGET_NAME)";
				USER_HEADER_SEARCH_PATHS = "";
			};
			name = Release;
		};
/* End XCBuildConfiguration section */

/* Begin XCConfigurationList section */
		188934D11E2A8A9600755A32 /* Build configuration list for PBXProject "foundation" */ = {
			isa = XCConfigurationList;
			buildConfigurations = (
				188934DF1E2A8A9700755A32 /* Debug */,
				188934E01E2A8A9700755A32 /* Release */,
			);
			defaultConfigurationIsVisible = 0;
			defaultConfigurationName = Release;
		};
		188934E11E2A8A9700755A32 /* Build configuration list for PBXNativeTarget "foundation" */ = {
			isa = XCConfigurationList;
			buildConfigurations = (
				188934E21E2A8A9700755A32 /* Debug */,
				188934E31E2A8A9700755A32 /* Release */,
			);
			defaultConfigurationIsVisible = 0;
			defaultConfigurationName = Release;
		};
/* End XCConfigurationList section */
	};
	rootObject = 188934CE1E2A8A9600755A32 /* Project object */;
}
