// !$*UTF8*$!
{
	archiveVersion = 1;
	classes = {
	};
	objectVersion = 46;
	objects = {

/* Begin PBXAggregateTarget section */
		18746FC21E2AC19200581E8C /* doc */ = {
			isa = PBXAggregateTarget;
			buildConfigurationList = 18746FC31E2AC19200581E8C /* Build configuration list for PBXAggregateTarget "doc" */;
			buildPhases = (
				18746FC61E2AC1A300581E8C /* ShellScript */,
			);
			dependencies = (
			);
			name = doc;
			productName = doc;
		};
/* End PBXAggregateTarget section */

/* Begin PBXBuildFile section */
		18D563D91E2DD02900680B1C /* allocator.h in Headers */ = {isa = PBXBuildFile; fileRef = 18D563D51E2DD02900680B1C /* allocator.h */; };
		18D563DA1E2DD02900680B1C /* consts.h in Headers */ = {isa = PBXBuildFile; fileRef = 18D563D61E2DD02900680B1C /* consts.h */; };
		18D563DB1E2DD02900680B1C /* defines.h in Headers */ = {isa = PBXBuildFile; fileRef = 18D563D71E2DD02900680B1C /* defines.h */; };
		18D563DC1E2DD02900680B1C /* foundation.cpp in Sources */ = {isa = PBXBuildFile; fileRef = 18D563D81E2DD02900680B1C /* foundation.cpp */; };
/* End PBXBuildFile section */

/* Begin PBXFileReference section */
		188934D61E2A8A9700755A32 /* libfoundation.a */ = {isa = PBXFileReference; explicitFileType = archive.ar; includeInIndex = 0; path = libfoundation.a; sourceTree = BUILT_PRODUCTS_DIR; };
		18D563D51E2DD02900680B1C /* allocator.h */ = {isa = PBXFileReference; fileEncoding = 4; lastKnownFileType = sourcecode.c.h; path = allocator.h; sourceTree = "<group>"; };
		18D563D61E2DD02900680B1C /* consts.h */ = {isa = PBXFileReference; fileEncoding = 4; lastKnownFileType = sourcecode.c.h; path = consts.h; sourceTree = "<group>"; };
		18D563D71E2DD02900680B1C /* defines.h */ = {isa = PBXFileReference; fileEncoding = 4; lastKnownFileType = sourcecode.c.h; path = defines.h; sourceTree = "<group>"; };
		18D563D81E2DD02900680B1C /* foundation.cpp */ = {isa = PBXFileReference; fileEncoding = 4; lastKnownFileType = sourcecode.cpp.cpp; path = foundation.cpp; sourceTree = "<group>"; };
/* End PBXFileReference section */

/* Begin PBXFrameworksBuildPhase section */
		188934D31E2A8A9600755A32 /* Frameworks */ = {
			isa = PBXFrameworksBuildPhase;
			buildActionMask = 2147483647;
			files = (
			);
			runOnlyForDeploymentPostprocessing = 0;
		};
/* End PBXFrameworksBuildPhase section */

/* Begin PBXGroup section */
		188934CD1E2A8A9600755A32 = {
			isa = PBXGroup;
			children = (
				18D563D41E2DD02900680B1C /* fundation */,
				188934D71E2A8A9700755A32 /* Products */,
			);
			sourceTree = "<group>";
		};
		188934D71E2A8A9700755A32 /* Products */ = {
			isa = PBXGroup;
			children = (
				188934D61E2A8A9700755A32 /* libfoundation.a */,
			);
			name = Products;
			sourceTree = "<group>";
		};
		18D563D41E2DD02900680B1C /* fundation */ = {
			isa = PBXGroup;
			children = (
				18D563D51E2DD02900680B1C /* allocator.h */,
				18D563D61E2DD02900680B1C /* consts.h */,
				18D563D71E2DD02900680B1C /* defines.h */,
				18D563D81E2DD02900680B1C /* foundation.cpp */,
			);
			name = fundation;
			path = ../../fundation;
			sourceTree = "<group>";
		};
/* End PBXGroup section */

/* Begin PBXHeadersBuildPhase section */
		188934D41E2A8A9600755A32 /* Headers */ = {
			isa = PBXHeadersBuildPhase;
			buildActionMask = 2147483647;
			files = (
				18D563DA1E2DD02900680B1C /* consts.h in Headers */,
				18D563DB1E2DD02900680B1C /* defines.h in Headers */,
				18D563D91E2DD02900680B1C /* allocator.h in Headers */,
			);
			runOnlyForDeploymentPostprocessing = 0;
		};
/* End PBXHeadersBuildPhase section */

/* Begin PBXNativeTarget section */
		188934D51E2A8A9600755A32 /* foundation */ = {
			isa = PBXNativeTarget;
			buildConfigurationList = 188934E11E2A8A9700755A32 /* Build configuration list for PBXNativeTarget "foundation" */;
			buildPhases = (
				188934D21E2A8A9600755A32 /* Sources */,
				188934D31E2A8A9600755A32 /* Frameworks */,
				188934D41E2A8A9600755A32 /* Headers */,
			);
			buildRules = (
			);
			dependencies = (
			);
			name = foundation;
			productName = fundation;
			productReference = 188934D61E2A8A9700755A32 /* libfoundation.a */;
			productType = "com.apple.product-type.library.static";
		};
/* End PBXNativeTarget section */

/* Begin PBXProject section */
		188934CE1E2A8A9600755A32 /* Project object */ = {
			isa = PBXProject;
			attributes = {
				LastUpgradeCheck = 0820;
				ORGANIZATIONNAME = jiayi;
				TargetAttributes = {
					18746FC21E2AC19200581E8C = {
						CreatedOnToolsVersion = 8.2.1;
						DevelopmentTeam = 95BDJ9G9B4;
						ProvisioningStyle = Automatic;
					};
					188934D51E2A8A9600755A32 = {
						CreatedOnToolsVersion = 8.2.1;
						DevelopmentTeam = 95BDJ9G9B4;
						ProvisioningStyle = Automatic;
					};
				};
			};
			buildConfigurationList = 188934D11E2A8A9600755A32 /* Build configuration list for PBXProject "foundation" */;
			compatibilityVersion = "Xcode 3.2";
			developmentRegion = English;
			hasScannedForEncodings = 0;
			knownRegions = (
				en,
			);
			mainGroup = 188934CD1E2A8A9600755A32;
			productRefGroup = 188934D71E2A8A9700755A32 /* Products */;
			projectDirPath = "";
			projectRoot = "";
			targets = (
				188934D51E2A8A9600755A32 /* foundation */,
				18746FC21E2AC19200581E8C /* doc */,
			);
		};
/* End PBXProject section */

/* Begin PBXShellScriptBuildPhase section */
		18746FC61E2AC1A300581E8C /* ShellScript */ = {
			isa = PBXShellScriptBuildPhase;
			buildActionMask = 2147483647;
			files = (
			);
			inputPaths = (
			);
			outputPaths = (
			);
			runOnlyForDeploymentPostprocessing = 0;
			shellPath = /bin/sh;
			shellScript = "# shell script goes here\n\nmkdir -p headerDoc\n\nheaderdoc2html -o headerDoc ../classes/include\n\ngatherheaderdoc headerDoc\n\nexit 0";
		};
/* End PBXShellScriptBuildPhase section */

/* Begin PBXSourcesBuildPhase section */
		188934D21E2A8A9600755A32 /* Sources */ = {
			isa = PBXSourcesBuildPhase;
			buildActionMask = 2147483647;
			files = (
				18D563DC1E2DD02900680B1C /* foundation.cpp in Sources */,
			);
			runOnlyForDeploymentPostprocessing = 0;
		};
/* End PBXSourcesBuildPhase section */

/* Begin XCBuildConfiguration section */
		18746FC41E2AC19200581E8C /* Debug */ = {
			isa = XCBuildConfiguration;
			buildSettings = {
				DEVELOPMENT_TEAM = 95BDJ9G9B4;
				PRODUCT_NAME = "$(TARGET_NAME)";
			};
			name = Debug;
		};
		18746FC51E2AC19200581E8C /* Release */ = {
			isa = XCBuildConfiguration;
			buildSettings = {
				DEVELOPMENT_TEAM = 95BDJ9G9B4;
				PRODUCT_NAME = "$(TARGET_NAME)";
			};
			name = Release;
		};
		188934DF1E2A8A9700755A32 /* Debug */ = {
			isa = XCBuildConfiguration;
			buildSettings = {
				ALWAYS_SEARCH_USER_PATHS = NO;
				CLANG_ANALYZER_NONNULL = YES;
				CLANG_CXX_LANGUAGE_STANDARD = "gnu++0x";
				CLANG_CXX_LIBRARY = "libc++";
				CLANG_ENABLE_MODULES = YES;
				CLANG_ENABLE_OBJC_ARC = YES;
				CLANG_WARN_BOOL_CONVERSION = YES;
				CLANG_WARN_CONSTANT_CONVERSION = YES;
				CLANG_WARN_DIRECT_OBJC_ISA_USAGE = YES_ERROR;
				CLANG_WARN_DOCUMENTATION_COMMENTS = YES;
				CLANG_WARN_EMPTY_BODY = YES;
				CLANG_WARN_ENUM_CONVERSION = YES;
				CLANG_WARN_INFINITE_RECURSION = YES;
				CLANG_WARN_INT_CONVERSION = YES;
				CLANG_WARN_OBJC_ROOT_CLASS = YES_ERROR;
				CLANG_WARN_SUSPICIOUS_MOVE = YES;
				CLANG_WARN_UNREACHABLE_CODE = YES;
				CLANG_WARN__DUPLICATE_METHOD_MATCH = YES;
				CODE_SIGN_IDENTITY = "-";
				COPY_PHASE_STRIP = NO;
				DEBUG_INFORMATION_FORMAT = dwarf;
				ENABLE_STRICT_OBJC_MSGSEND = YES;
				ENABLE_TESTABILITY = YES;
				GCC_C_LANGUAGE_STANDARD = gnu99;
				GCC_DYNAMIC_NO_PIC = NO;
				GCC_NO_COMMON_BLOCKS = YES;
				GCC_OPTIMIZATION_LEVEL = 0;
				GCC_PREPROCESSOR_DEFINITIONS = (
					"DEBUG=1",
					"$(inherited)",
				);
				GCC_WARN_64_TO_32_BIT_CONVERSION = YES;
				GCC_WARN_ABOUT_RETURN_TYPE = YES_ERROR;
				GCC_WARN_UNDECLARED_SELECTOR = YES;
				GCC_WARN_UNINITIALIZED_AUTOS = YES_AGGRESSIVE;
				GCC_WARN_UNUSED_FUNCTION = YES;
				GCC_WARN_UNUSED_VARIABLE = YES;
				MACOSX_DEPLOYMENT_TARGET = 10.12;
				MTL_ENABLE_DEBUG_INFO = YES;
				ONLY_ACTIVE_ARCH = YES;
				SDKROOT = macosx;
			};
			name = Debug;
		};
		188934E01E2A8A9700755A32 /* Release */ = {
			isa = XCBuildConfiguration;
			buildSettings = {
				ALWAYS_SEARCH_USER_PATHS = NO;
				CLANG_ANALYZER_NONNULL = YES;
				CLANG_CXX_LANGUAGE_STANDARD = "gnu++0x";
				CLANG_CXX_LIBRARY = "libc++";
				CLANG_ENABLE_MODULES = YES;
				CLANG_ENABLE_OBJC_ARC = YES;
				CLANG_WARN_BOOL_CONVERSION = YES;
				CLANG_WARN_CONSTANT_CONVERSION = YES;
				CLANG_WARN_DIRECT_OBJC_ISA_USAGE = YES_ERROR;
				CLANG_WARN_DOCUMENTATION_COMMENTS = YES;
				CLANG_WARN_EMPTY_BODY = YES;
				CLANG_WARN_ENUM_CONVERSION = YES;
				CLANG_WARN_INFINITE_RECURSION = YES;
				CLANG_WARN_INT_CONVERSION = YES;
				CLANG_WARN_OBJC_ROOT_CLASS = YES_ERROR;
				CLANG_WARN_SUSPICIOUS_MOVE = YES;
				CLANG_WARN_UNREACHABLE_CODE = YES;
				CLANG_WARN__DUPLICATE_METHOD_MATCH = YES;
				CODE_SIGN_IDENTITY = "-";
				CONFIGURATION_BUILD_DIR = "$(SRCROOT)/../../lib/mac/$(CONFIGURATION)$(EFFECTIVE_PLATFORM_NAME)";
				COPY_PHASE_STRIP = NO;
				DEBUG_INFORMATION_FORMAT = "dwarf-with-dsym";
				ENABLE_NS_ASSERTIONS = NO;
				ENABLE_STRICT_OBJC_MSGSEND = YES;
				GCC_C_LANGUAGE_STANDARD = gnu99;
				GCC_NO_COMMON_BLOCKS = YES;
				GCC_WARN_64_TO_32_BIT_CONVERSION = YES;
				GCC_WARN_ABOUT_RETURN_TYPE = YES_ERROR;
				GCC_WARN_UNDECLARED_SELECTOR = YES;
				GCC_WARN_UNINITIALIZED_AUTOS = YES_AGGRESSIVE;
				GCC_WARN_UNUSED_FUNCTION = YES;
				GCC_WARN_UNUSED_VARIABLE = YES;
				MACOSX_DEPLOYMENT_TARGET = 10.12;
				MTL_ENABLE_DEBUG_INFO = NO;
				SDKROOT = macosx;
			};
			name = Release;
		};
		188934E21E2A8A9700755A32 /* Debug */ = {
			isa = XCBuildConfiguration;
			buildSettings = {
				CLANG_OPTIMIZATION_PROFILE_FILE = "";
				CONFIGURATION_BUILD_DIR = "$(SRCROOT)/../../lib/mac/$(CONFIGURATION)$(EFFECTIVE_PLATFORM_NAME)";
				DEVELOPMENT_TEAM = 95BDJ9G9B4;
				EXECUTABLE_PREFIX = lib;
				GCC_ENABLE_CPP_EXCEPTIONS = YES;
				GCC_ENABLE_CPP_RTTI = YES;
				PRODUCT_NAME = "$(TARGET_NAME)";
			};
			name = Debug;
		};
		188934E31E2A8A9700755A32 /* Release */ = {
			isa = XCBuildConfiguration;
			buildSettings = {
				CLANG_OPTIMIZATION_PROFILE_FILE = "";
				CONFIGURATION_BUILD_DIR = "$(SRCROOT)/../../lib/mac/$(CONFIGURATION)$(EFFECTIVE_PLATFORM_NAME)";
				DEVELOPMENT_TEAM = 95BDJ9G9B4;
				EXECUTABLE_PREFIX = lib;
				GCC_ENABLE_CPP_EXCEPTIONS = YES;
				GCC_ENABLE_CPP_RTTI = YES;
				PRODUCT_NAME = "$(TARGET_NAME)";
			};
			name = Release;
		};
/* End XCBuildConfiguration section */

/* Begin XCConfigurationList section */
		18746FC31E2AC19200581E8C /* Build configuration list for PBXAggregateTarget "doc" */ = {
			isa = XCConfigurationList;
			buildConfigurations = (
				18746FC41E2AC19200581E8C /* Debug */,
				18746FC51E2AC19200581E8C /* Release */,
			);
			defaultConfigurationIsVisible = 0;
			defaultConfigurationName = Release;
		};
		188934D11E2A8A9600755A32 /* Build configuration list for PBXProject "foundation" */ = {
			isa = XCConfigurationList;
			buildConfigurations = (
				188934DF1E2A8A9700755A32 /* Debug */,
				188934E01E2A8A9700755A32 /* Release */,
			);
			defaultConfigurationIsVisible = 0;
			defaultConfigurationName = Release;
		};
		188934E11E2A8A9700755A32 /* Build configuration list for PBXNativeTarget "foundation" */ = {
			isa = XCConfigurationList;
			buildConfigurations = (
				188934E21E2A8A9700755A32 /* Debug */,
				188934E31E2A8A9700755A32 /* Release */,
			);
			defaultConfigurationIsVisible = 0;
			defaultConfigurationName = Release;
		};
/* End XCConfigurationList section */
	};
	rootObject = 188934CE1E2A8A9600755A32 /* Project object */;
}
