// !$*UTF8*$!
{
	archiveVersion = 1;
	classes = {
	};
	objectVersion = 46;
	objects = {

/* Begin PBXAggregateTarget section */
		18A402A11E42E2D300BB70CB /* document */ = {
			isa = PBXAggregateTarget;
			buildConfigurationList = 18A402A61E42E2D300BB70CB /* Build configuration list for PBXAggregateTarget "document" */;
			buildPhases = (
				18A402A71E42E2E100BB70CB /* ShellScript */,
			);
			dependencies = (
			);
			name = document;
			productName = document;
		};
/* End PBXAggregateTarget section */

/* Begin PBXContainerItemProxy section */
		18D563A01E2AC95500680B1C /* PBXContainerItemProxy */ = {
			isa = PBXContainerItemProxy;
			containerPortal = 18D5639B1E2AC95500680B1C /* foundation.xcodeproj */;
			proxyType = 2;
			remoteGlobalIDString = 188934D61E2A8A9700755A32;
			remoteInfo = foundation;
		};
		18D563C41E2ACC9F00680B1C /* PBXContainerItemProxy */ = {
			isa = PBXContainerItemProxy;
			containerPortal = 18D563C01E2ACC9E00680B1C /* test.xcodeproj */;
			proxyType = 2;
			remoteGlobalIDString = 18D563B61E2ACC9E00680B1C;
			remoteInfo = test;
		};
/* End PBXContainerItemProxy section */

/* Begin PBXFileReference section */
		18D5639B1E2AC95500680B1C /* foundation.xcodeproj */ = {isa = PBXFileReference; lastKnownFileType = "wrapper.pb-project"; name = foundation.xcodeproj; path = foundation/projs/mac/foundation.xcodeproj; sourceTree = "<group>"; };
		18D563C01E2ACC9E00680B1C /* test.xcodeproj */ = {isa = PBXFileReference; lastKnownFileType = "wrapper.pb-project"; name = test.xcodeproj; path = test/test.xcodeproj; sourceTree = "<group>"; };
/* End PBXFileReference section */

/* Begin PBXGroup section */
		18746FC91E2AC78200581E8C = {
			isa = PBXGroup;
			children = (
				18D563C01E2ACC9E00680B1C /* test.xcodeproj */,
				18D5639B1E2AC95500680B1C /* foundation.xcodeproj */,
			);
			sourceTree = "<group>";
		};
		18D5639C1E2AC95500680B1C /* Products */ = {
			isa = PBXGroup;
			children = (
				18D563A11E2AC95500680B1C /* libfoundation.a */,
			);
			name = Products;
			sourceTree = "<group>";
		};
		18D563C11E2ACC9E00680B1C /* Products */ = {
			isa = PBXGroup;
			children = (
				18D563C51E2ACC9F00680B1C /* test */,
			);
			name = Products;
			sourceTree = "<group>";
		};
/* End PBXGroup section */

/* Begin PBXProject section */
		18746FCA1E2AC78200581E8C /* Project object */ = {
			isa = PBXProject;
			attributes = {
				LastUpgradeCheck = 0820;
				TargetAttributes = {
					18A402A11E42E2D300BB70CB = {
						CreatedOnToolsVersion = 8.2.1;
						DevelopmentTeam = 95BDJ9G9B4;
						ProvisioningStyle = Automatic;
					};
				};
			};
			buildConfigurationList = 18746FCD1E2AC78200581E8C /* Build configuration list for PBXProject "minerva" */;
			compatibilityVersion = "Xcode 3.2";
			developmentRegion = English;
			hasScannedForEncodings = 0;
			knownRegions = (
				en,
			);
			mainGroup = 18746FC91E2AC78200581E8C;
			projectDirPath = "";
			projectReferences = (
				{
					ProductGroup = 18D5639C1E2AC95500680B1C /* Products */;
					ProjectRef = 18D5639B1E2AC95500680B1C /* foundation.xcodeproj */;
				},
				{
					ProductGroup = 18D563C11E2ACC9E00680B1C /* Products */;
					ProjectRef = 18D563C01E2ACC9E00680B1C /* test.xcodeproj */;
				},
			);
			projectRoot = "";
			targets = (
				18A402A11E42E2D300BB70CB /* document */,
			);
		};
/* End PBXProject section */

/* Begin PBXReferenceProxy section */
		18D563A11E2AC95500680B1C /* libfoundation.a */ = {
			isa = PBXReferenceProxy;
			fileType = archive.ar;
			path = libfoundation.a;
			remoteRef = 18D563A01E2AC95500680B1C /* PBXContainerItemProxy */;
			sourceTree = BUILT_PRODUCTS_DIR;
		};
		18D563C51E2ACC9F00680B1C /* test */ = {
			isa = PBXReferenceProxy;
			fileType = "compiled.mach-o.executable";
			path = test;
			remoteRef = 18D563C41E2ACC9F00680B1C /* PBXContainerItemProxy */;
			sourceTree = BUILT_PRODUCTS_DIR;
		};
/* End PBXReferenceProxy section */

/* Begin PBXShellScriptBuildPhase section */
		18A402A71E42E2E100BB70CB /* ShellScript */ = {
			isa = PBXShellScriptBuildPhase;
			buildActionMask = 2147483647;
			files = (
			);
			inputPaths = (
			);
			outputPaths = (
			);
			runOnlyForDeploymentPostprocessing = 0;
			shellPath = /bin/sh;
			shellScript = "/Applications/Doxygen.app/Contents/Resources/doxygen doxy";
		};
/* End PBXShellScriptBuildPhase section */

/* Begin XCBuildConfiguration section */
		18746FCE1E2AC78200581E8C /* Debug */ = {
			isa = XCBuildConfiguration;
			buildSettings = {
			};
			name = Debug;
		};
		18746FCF1E2AC78200581E8C /* Release */ = {
			isa = XCBuildConfiguration;
			buildSettings = {
			};
			name = Release;
		};
		18A402A21E42E2D300BB70CB /* Debug */ = {
			isa = XCBuildConfiguration;
			buildSettings = {
				DEVELOPMENT_TEAM = 95BDJ9G9B4;
				PRODUCT_NAME = "$(TARGET_NAME)";
			};
			name = Debug;
		};
		18A402A31E42E2D300BB70CB /* Release */ = {
			isa = XCBuildConfiguration;
			buildSettings = {
				DEVELOPMENT_TEAM = 95BDJ9G9B4;
				PRODUCT_NAME = "$(TARGET_NAME)";
			};
			name = Release;
		};
/* End XCBuildConfiguration section */

/* Begin XCConfigurationList section */
		18746FCD1E2AC78200581E8C /* Build configuration list for PBXProject "minerva" */ = {
			isa = XCConfigurationList;
			buildConfigurations = (
				18746FCE1E2AC78200581E8C /* Debug */,
				18746FCF1E2AC78200581E8C /* Release */,
			);
			defaultConfigurationIsVisible = 0;
			defaultConfigurationName = Release;
		};
		18A402A61E42E2D300BB70CB /* Build configuration list for PBXAggregateTarget "document" */ = {
			isa = XCConfigurationList;
			buildConfigurations = (
				18A402A21E42E2D300BB70CB /* Debug */,
				18A402A31E42E2D300BB70CB /* Release */,
			);
			defaultConfigurationIsVisible = 0;
			defaultConfigurationName = Release;
		};
/* End XCConfigurationList section */
	};
	rootObject = 18746FCA1E2AC78200581E8C /* Project object */;
}
